
Microsoft Visual Studio Solution File, Format Version 12.00
# Visual Studio Version 17
VisualStudioVersion = 17.14.37628.2 d17.14
MinimumVisualStudioVersion = 10.0.40219.1
Project("{FAE04EC0-301F-11D3-BF4B-00C04F79EFBC}") = "01-zaklady", "01-zaklady\01-zaklady.csproj", "{53405C5F-2B4E-430A-AFB2-3E6504466479}"
EndProject
Global
	GlobalSection(SolutionConfigurationPlatforms) = preSolution
		Debug|Any CPU = Debug|Any CPU
		Release|Any CPU = Release|Any CPU
	EndGlobalSection
	GlobalSection(ProjectConfigurationPlatforms) = postSolution
		{53405C5F-2B4E-430A-AFB2-3E6504466479}.Debug|Any CPU.ActiveCfg = Debug|Any CPU
		{53405C5F-2B4E-430A-AFB2-3E6504466479}.Debug|Any CPU.Build.0 = Debug|Any CPU
		{53405C5F-2B4E-430A-AFB2-3E6504466479}.Release|Any CPU.ActiveCfg = Release|Any CPU
		{53405C5F-2B4E-430A-AFB2-3E6504466479}.Release|Any CPU.Build.0 = Release|Any CPU
	EndGlobalSection
	GlobalSection(SolutionProperties) = preSolution
		HideSolutionNode = FALSE
	EndGlobalSection
	GlobalSection(ExtensibilityGlobals) = postSolution
		SolutionGuid = {FA62B21C-8661-46AA-9F8D-04AB27B5CC59}
	EndGlobalSection
EndGlobal
